
Microsoft Visual Studio Solution File, Format Version 12.00
# Visual Studio Version 17
VisualStudioVersion = 17.9.34607.119
MinimumVisualStudioVersion = 10.0.40219.1
Project("{FAE04EC0-301F-11D3-BF4B-00C04F79EFBC}") = "ACT8", "ACT8\ACT8.csproj", "{D9448A8C-48D5-497B-858B-AA6C7456DD50}"
EndProject
Global
	GlobalSection(SolutionConfigurationPlatforms) = preSolution
		Debug|Any CPU = Debug|Any CPU
		Release|Any CPU = Release|Any CPU
	EndGlobalSection
	GlobalSection(ProjectConfigurationPlatforms) = postSolution
		{D9448A8C-48D5-497B-858B-AA6C7456DD50}.Debug|Any CPU.ActiveCfg = Debug|Any CPU
		{D9448A8C-48D5-497B-858B-AA6C7456DD50}.Debug|Any CPU.Build.0 = Debug|Any CPU
		{D9448A8C-48D5-497B-858B-AA6C7456DD50}.Release|Any CPU.ActiveCfg = Release|Any CPU
		{D9448A8C-48D5-497B-858B-AA6C7456DD50}.Release|Any CPU.Build.0 = Release|Any CPU
	EndGlobalSection
	GlobalSection(SolutionProperties) = preSolution
		HideSolutionNode = FALSE
	EndGlobalSection
	GlobalSection(ExtensibilityGlobals) = postSolution
		SolutionGuid = {C4C8B01C-334A-4A03-A549-5E3177905DF3}
	EndGlobalSection
EndGlobal
